
Microsoft Visual Studio Solution File, Format Version 12.00
# Visual Studio Version 17
VisualStudioVersion = 17.5.33516.290
MinimumVisualStudioVersion = 10.0.40219.1
Project("{FAE04EC0-301F-11D3-BF4B-00C04F79EFBC}") = "TaskTrackr_API", "TaskTrackr_API\TaskTrackr_API.csproj", "{373FE90E-98A2-4B54-B25D-37EAD4DF742D}"
EndProject
Global
	GlobalSection(SolutionConfigurationPlatforms) = preSolution
		Debug|Any CPU = Debug|Any CPU
		Release|Any CPU = Release|Any CPU
	EndGlobalSection
	GlobalSection(ProjectConfigurationPlatforms) = postSolution
		{373FE90E-98A2-4B54-B25D-37EAD4DF742D}.Debug|Any CPU.ActiveCfg = Debug|Any CPU
		{373FE90E-98A2-4B54-B25D-37EAD4DF742D}.Debug|Any CPU.Build.0 = Debug|Any CPU
		{373FE90E-98A2-4B54-B25D-37EAD4DF742D}.Release|Any CPU.ActiveCfg = Release|Any CPU
		{373FE90E-98A2-4B54-B25D-37EAD4DF742D}.Release|Any CPU.Build.0 = Release|Any CPU
	EndGlobalSection
	GlobalSection(SolutionProperties) = preSolution
		HideSolutionNode = FALSE
	EndGlobalSection
	GlobalSection(ExtensibilityGlobals) = postSolution
		SolutionGuid = {076186D8-670D-4762-8A50-46536D78C2CE}
	EndGlobalSection
EndGlobal
